
Microsoft Visual Studio Solution File, Format Version 12.00
# Visual Studio Version 17
VisualStudioVersion = 17.2.32526.322
MinimumVisualStudioVersion = 10.0.40219.1
Project("{FAE04EC0-301F-11D3-BF4B-00C04F79EFBC}") = "ThreadLocking", "ThreadLocking\ThreadLocking.csproj", "{0A6A41CD-F650-42A8-B38E-2D69A1307EC3}"
EndProject
Global
	GlobalSection(SolutionConfigurationPlatforms) = preSolution
		Debug|Any CPU = Debug|Any CPU
		Release|Any CPU = Release|Any CPU
	EndGlobalSection
	GlobalSection(ProjectConfigurationPlatforms) = postSolution
		{0A6A41CD-F650-42A8-B38E-2D69A1307EC3}.Debug|Any CPU.ActiveCfg = Debug|Any CPU
		{0A6A41CD-F650-42A8-B38E-2D69A1307EC3}.Debug|Any CPU.Build.0 = Debug|Any CPU
		{0A6A41CD-F650-42A8-B38E-2D69A1307EC3}.Release|Any CPU.ActiveCfg = Release|Any CPU
		{0A6A41CD-F650-42A8-B38E-2D69A1307EC3}.Release|Any CPU.Build.0 = Release|Any CPU
	EndGlobalSection
	GlobalSection(SolutionProperties) = preSolution
		HideSolutionNode = FALSE
	EndGlobalSection
	GlobalSection(ExtensibilityGlobals) = postSolution
		SolutionGuid = {15FE6E2A-0C48-4939-97EB-1F20DCB8B316}
	EndGlobalSection
EndGlobal
